PODS:
  - WeiboSDK (3.1.4)

DEPENDENCIES:
  - WeiboSDK (from `https://github.com/sinaweibosdk/weibo_ios_sdk.git`)

EXTERNAL SOURCES:
  WeiboSDK:
    :git: https://github.com/sinaweibosdk/weibo_ios_sdk.git

CHECKOUT OPTIONS:
  WeiboSDK:
    :commit: 024997bef30c81a787425739a32d3575a9264a5d
    :git: https://github.com/sinaweibosdk/weibo_ios_sdk.git

SPEC CHECKSUMS:
  WeiboSDK: bceab625ec59b7039ba721cc4ba9f5868804f63e

COCOAPODS: 0.39.0
